
Microsoft Visual Studio Solution File, Format Version 12.00
# Visual Studio Version 16
VisualStudioVersion = 16.0.31410.357
MinimumVisualStudioVersion = 10.0.40219.1
Project("{9A19103F-16F7-4668-BE54-9A1E7A4F7556}") = "CheckpointHSEApp", "CheckpointHSEApp.csproj", "{F3274389-BC6D-4519-816B-1B1544553C91}"
EndProject
Project("{FAE04EC0-301F-11D3-BF4B-00C04F79EFBC}") = "GetRandomInfo", "..\GetRandomInfo\GetRandomInfo.csproj", "{31C4E6CC-815E-43B3-B75B-B905DB6BC833}"
EndProject
Global
	GlobalSection(SolutionConfigurationPlatforms) = preSolution
		Debug|Any CPU = Debug|Any CPU
		Release|Any CPU = Release|Any CPU
	EndGlobalSection
	GlobalSection(ProjectConfigurationPlatforms) = postSolution
		{F3274389-BC6D-4519-816B-1B1544553C91}.Debug|Any CPU.ActiveCfg = Debug|Any CPU
		{F3274389-BC6D-4519-816B-1B1544553C91}.Debug|Any CPU.Build.0 = Debug|Any CPU
		{F3274389-BC6D-4519-816B-1B1544553C91}.Release|Any CPU.ActiveCfg = Release|Any CPU
		{F3274389-BC6D-4519-816B-1B1544553C91}.Release|Any CPU.Build.0 = Release|Any CPU
		{31C4E6CC-815E-43B3-B75B-B905DB6BC833}.Debug|Any CPU.ActiveCfg = Debug|Any CPU
		{31C4E6CC-815E-43B3-B75B-B905DB6BC833}.Debug|Any CPU.Build.0 = Debug|Any CPU
		{31C4E6CC-815E-43B3-B75B-B905DB6BC833}.Release|Any CPU.ActiveCfg = Release|Any CPU
		{31C4E6CC-815E-43B3-B75B-B905DB6BC833}.Release|Any CPU.Build.0 = Release|Any CPU
	EndGlobalSection
	GlobalSection(SolutionProperties) = preSolution
		HideSolutionNode = FALSE
	EndGlobalSection
	GlobalSection(ExtensibilityGlobals) = postSolution
		SolutionGuid = {1D818E77-EC80-4AEA-9427-54730DA14C2E}
	EndGlobalSection
EndGlobal
